
Microsoft Visual Studio Solution File, Format Version 12.00
# Visual Studio 14
VisualStudioVersion = 14.0.25420.1
MinimumVisualStudioVersion = 10.0.40219.1
Project("{FAE04EC0-301F-11D3-BF4B-00C04F79EFBC}") = "ConsoleApplication1", "..\src\Harness\ConsoleApplication1\ConsoleApplication1.csproj", "{C36528E8-3E57-45B1-9ED3-68AB05377C82}"
EndProject
Project("{FAE04EC0-301F-11D3-BF4B-00C04F79EFBC}") = "Infrastructure.Parser", "..\src\Infrastructure.Parser\Infrastructure.Parser.csproj", "{B58920F0-52A4-472A-81D0-AD34A287562F}"
EndProject
Project("{FAE04EC0-301F-11D3-BF4B-00C04F79EFBC}") = "DevHarness", "..\src\DevHarness\DevHarness.csproj", "{A7D2B9E7-186E-4DD9-8AB0-5551550A820A}"
EndProject
Global
	GlobalSection(SolutionConfigurationPlatforms) = preSolution
		Debug|Any CPU = Debug|Any CPU
		Release|Any CPU = Release|Any CPU
	EndGlobalSection
	GlobalSection(ProjectConfigurationPlatforms) = postSolution
		{C36528E8-3E57-45B1-9ED3-68AB05377C82}.Debug|Any CPU.ActiveCfg = Debug|Any CPU
		{C36528E8-3E57-45B1-9ED3-68AB05377C82}.Debug|Any CPU.Build.0 = Debug|Any CPU
		{C36528E8-3E57-45B1-9ED3-68AB05377C82}.Release|Any CPU.ActiveCfg = Release|Any CPU
		{C36528E8-3E57-45B1-9ED3-68AB05377C82}.Release|Any CPU.Build.0 = Release|Any CPU
		{B58920F0-52A4-472A-81D0-AD34A287562F}.Debug|Any CPU.ActiveCfg = Debug|Any CPU
		{B58920F0-52A4-472A-81D0-AD34A287562F}.Debug|Any CPU.Build.0 = Debug|Any CPU
		{B58920F0-52A4-472A-81D0-AD34A287562F}.Release|Any CPU.ActiveCfg = Release|Any CPU
		{B58920F0-52A4-472A-81D0-AD34A287562F}.Release|Any CPU.Build.0 = Release|Any CPU
		{A7D2B9E7-186E-4DD9-8AB0-5551550A820A}.Debug|Any CPU.ActiveCfg = Debug|Any CPU
		{A7D2B9E7-186E-4DD9-8AB0-5551550A820A}.Debug|Any CPU.Build.0 = Debug|Any CPU
		{A7D2B9E7-186E-4DD9-8AB0-5551550A820A}.Release|Any CPU.ActiveCfg = Release|Any CPU
		{A7D2B9E7-186E-4DD9-8AB0-5551550A820A}.Release|Any CPU.Build.0 = Release|Any CPU
	EndGlobalSection
	GlobalSection(SolutionProperties) = preSolution
		HideSolutionNode = FALSE
	EndGlobalSection
EndGlobal
